// !$*UTF8*$!
{
	archiveVersion = 1;
	classes = {
	};
	objectVersion = 50;
	objects = {

/* Begin PBXBuildFile section */
		C44B2C5E24BD91F1006EA3E8 /* HarmonicAndMelodicMinarTableViewCell.swift in Sources */ = {isa = PBXBuildFile; fileRef = C44B2C5C24BD91F1006EA3E8 /* HarmonicAndMelodicMinarTableViewCell.swift */; };
		C44B2C5F24BD91F1006EA3E8 /* HarmonicAndMelodicMinarTableViewCell.xib in Resources */ = {isa = PBXBuildFile; fileRef = C44B2C5D24BD91F1006EA3E8 /* HarmonicAndMelodicMinarTableViewCell.xib */; };
		C44B2C6124BDA4FF006EA3E8 /* HarmonicMiner.swift in Sources */ = {isa = PBXBuildFile; fileRef = C44B2C6024BDA4FF006EA3E8 /* HarmonicMiner.swift */; };
		C44B2C6324BDF652006EA3E8 /* SelectStateViewController.swift in Sources */ = {isa = PBXBuildFile; fileRef = C44B2C6224BDF652006EA3E8 /* SelectStateViewController.swift */; };
		C44B2C6524BEEF35006EA3E8 /* KeySelectViewController.swift in Sources */ = {isa = PBXBuildFile; fileRef = C44B2C6424BEEF35006EA3E8 /* KeySelectViewController.swift */; };
		C495FE7524C02E6A00AE18CC /* ScaleSelectViewController.swift in Sources */ = {isa = PBXBuildFile; fileRef = C495FE7424C02E6A00AE18CC /* ScaleSelectViewController.swift */; };
		C495FE7724C0412B00AE18CC /* MajerMinerListViewController.swift in Sources */ = {isa = PBXBuildFile; fileRef = C495FE7624C0412B00AE18CC /* MajerMinerListViewController.swift */; };
		C495FE7924C0415800AE18CC /* HarmoMelodicListViewController.swift in Sources */ = {isa = PBXBuildFile; fileRef = C495FE7824C0415800AE18CC /* HarmoMelodicListViewController.swift */; };
		C495FE7B24C0473100AE18CC /* RefactorScale.swift in Sources */ = {isa = PBXBuildFile; fileRef = C495FE7A24C0473100AE18CC /* RefactorScale.swift */; };
		C4BF577E24B5C55F0043A038 /* AppDelegate.swift in Sources */ = {isa = PBXBuildFile; fileRef = C4BF577D24B5C55F0043A038 /* AppDelegate.swift */; };
		C4BF578024B5C55F0043A038 /* SceneDelegate.swift in Sources */ = {isa = PBXBuildFile; fileRef = C4BF577F24B5C55F0043A038 /* SceneDelegate.swift */; };
		C4BF578524B5C55F0043A038 /* Main.storyboard in Resources */ = {isa = PBXBuildFile; fileRef = C4BF578324B5C55F0043A038 /* Main.storyboard */; };
		C4BF578724B5C5600043A038 /* Assets.xcassets in Resources */ = {isa = PBXBuildFile; fileRef = C4BF578624B5C5600043A038 /* Assets.xcassets */; };
		C4BF578A24B5C5600043A038 /* LaunchScreen.storyboard in Resources */ = {isa = PBXBuildFile; fileRef = C4BF578824B5C5600043A038 /* LaunchScreen.storyboard */; };
		C4CF166824B96EBE00D0A092 /* TriadTableViewCell.swift in Sources */ = {isa = PBXBuildFile; fileRef = C4CF166624B96EBE00D0A092 /* TriadTableViewCell.swift */; };
		C4CF166924B96EBE00D0A092 /* TriadTableViewCell.xib in Resources */ = {isa = PBXBuildFile; fileRef = C4CF166724B96EBE00D0A092 /* TriadTableViewCell.xib */; };
		C4CF166B24B99B9700D0A092 /* TriadCode.swift in Sources */ = {isa = PBXBuildFile; fileRef = C4CF166A24B99B9700D0A092 /* TriadCode.swift */; };
		C4D8966224B8484600F5D0AA /* ChordListViewController.swift in Sources */ = {isa = PBXBuildFile; fileRef = C4D8966124B8484600F5D0AA /* ChordListViewController.swift */; };
/* End PBXBuildFile section */

/* Begin PBXFileReference section */
		C44B2C5C24BD91F1006EA3E8 /* HarmonicAndMelodicMinarTableViewCell.swift */ = {isa = PBXFileReference; lastKnownFileType = sourcecode.swift; path = HarmonicAndMelodicMinarTableViewCell.swift; sourceTree = "<group>"; };
		C44B2C5D24BD91F1006EA3E8 /* HarmonicAndMelodicMinarTableViewCell.xib */ = {isa = PBXFileReference; lastKnownFileType = file.xib; path = HarmonicAndMelodicMinarTableViewCell.xib; sourceTree = "<group>"; };
		C44B2C6024BDA4FF006EA3E8 /* HarmonicMiner.swift */ = {isa = PBXFileReference; lastKnownFileType = sourcecode.swift; path = HarmonicMiner.swift; sourceTree = "<group>"; };
		C44B2C6224BDF652006EA3E8 /* SelectStateViewController.swift */ = {isa = PBXFileReference; lastKnownFileType = sourcecode.swift; path = SelectStateViewController.swift; sourceTree = "<group>"; };
		C44B2C6424BEEF35006EA3E8 /* KeySelectViewController.swift */ = {isa = PBXFileReference; lastKnownFileType = sourcecode.swift; path = KeySelectViewController.swift; sourceTree = "<group>"; };
		C495FE7424C02E6A00AE18CC /* ScaleSelectViewController.swift */ = {isa = PBXFileReference; lastKnownFileType = sourcecode.swift; path = ScaleSelectViewController.swift; sourceTree = "<group>"; };
		C495FE7624C0412B00AE18CC /* MajerMinerListViewController.swift */ = {isa = PBXFileReference; lastKnownFileType = sourcecode.swift; path = MajerMinerListViewController.swift; sourceTree = "<group>"; };
		C495FE7824C0415800AE18CC /* HarmoMelodicListViewController.swift */ = {isa = PBXFileReference; lastKnownFileType = sourcecode.swift; path = HarmoMelodicListViewController.swift; sourceTree = "<group>"; };
		C495FE7A24C0473100AE18CC /* RefactorScale.swift */ = {isa = PBXFileReference; lastKnownFileType = sourcecode.swift; path = RefactorScale.swift; sourceTree = "<group>"; };
		C4BF577A24B5C55F0043A038 /* ChordListApp.app */ = {isa = PBXFileReference; explicitFileType = wrapper.application; includeInIndex = 0; path = ChordListApp.app; sourceTree = BUILT_PRODUCTS_DIR; };
		C4BF577D24B5C55F0043A038 /* AppDelegate.swift */ = {isa = PBXFileReference; lastKnownFileType = sourcecode.swift; path = AppDelegate.swift; sourceTree = "<group>"; };
		C4BF577F24B5C55F0043A038 /* SceneDelegate.swift */ = {isa = PBXFileReference; lastKnownFileType = sourcecode.swift; path = SceneDelegate.swift; sourceTree = "<group>"; };
		C4BF578424B5C55F0043A038 /* Base */ = {isa = PBXFileReference; lastKnownFileType = file.storyboard; name = Base; path = Base.lproj/Main.storyboard; sourceTree = "<group>"; };
		C4BF578624B5C5600043A038 /* Assets.xcassets */ = {isa = PBXFileReference; lastKnownFileType = folder.assetcatalog; path = Assets.xcassets; sourceTree = "<group>"; };
		C4BF578924B5C5600043A038 /* Base */ = {isa = PBXFileReference; lastKnownFileType = file.storyboard; name = Base; path = Base.lproj/LaunchScreen.storyboard; sourceTree = "<group>"; };
		C4BF578B24B5C5600043A038 /* Info.plist */ = {isa = PBXFileReference; lastKnownFileType = text.plist.xml; path = Info.plist; sourceTree = "<group>"; };
		C4CF166624B96EBE00D0A092 /* TriadTableViewCell.swift */ = {isa = PBXFileReference; lastKnownFileType = sourcecode.swift; path = TriadTableViewCell.swift; sourceTree = "<group>"; };
		C4CF166724B96EBE00D0A092 /* TriadTableViewCell.xib */ = {isa = PBXFileReference; lastKnownFileType = file.xib; path = TriadTableViewCell.xib; sourceTree = "<group>"; };
		C4CF166A24B99B9700D0A092 /* TriadCode.swift */ = {isa = PBXFileReference; lastKnownFileType = sourcecode.swift; path = TriadCode.swift; sourceTree = "<group>"; };
		C4D8966124B8484600F5D0AA /* ChordListViewController.swift */ = {isa = PBXFileReference; lastKnownFileType = sourcecode.swift; path = ChordListViewController.swift; sourceTree = "<group>"; };
/* End PBXFileReference section */

/* Begin PBXFrameworksBuildPhase section */
		C4BF577724B5C55F0043A038 /* Frameworks */ = {
			isa = PBXFrameworksBuildPhase;
			buildActionMask = 2147483647;
			files = (
			);
			runOnlyForDeploymentPostprocessing = 0;
		};
/* End PBXFrameworksBuildPhase section */

/* Begin PBXGroup section */
		C4751DC924B5DB1E009CFFB3 /* Model */ = {
			isa = PBXGroup;
			children = (
				C4CF166A24B99B9700D0A092 /* TriadCode.swift */,
				C44B2C6024BDA4FF006EA3E8 /* HarmonicMiner.swift */,
				C495FE7A24C0473100AE18CC /* RefactorScale.swift */,
			);
			path = Model;
			sourceTree = "<group>";
		};
		C4751DCA24B5DB23009CFFB3 /* View */ = {
			isa = PBXGroup;
			children = (
				C4BF578824B5C5600043A038 /* LaunchScreen.storyboard */,
				C4BF578324B5C55F0043A038 /* Main.storyboard */,
				C4CF166624B96EBE00D0A092 /* TriadTableViewCell.swift */,
				C4CF166724B96EBE00D0A092 /* TriadTableViewCell.xib */,
				C44B2C5C24BD91F1006EA3E8 /* HarmonicAndMelodicMinarTableViewCell.swift */,
				C44B2C5D24BD91F1006EA3E8 /* HarmonicAndMelodicMinarTableViewCell.xib */,
			);
			path = View;
			sourceTree = "<group>";
		};
		C4751DCB24B5DB30009CFFB3 /* Controller */ = {
			isa = PBXGroup;
			children = (
				C4D8966124B8484600F5D0AA /* ChordListViewController.swift */,
				C44B2C6224BDF652006EA3E8 /* SelectStateViewController.swift */,
				C44B2C6424BEEF35006EA3E8 /* KeySelectViewController.swift */,
				C495FE7424C02E6A00AE18CC /* ScaleSelectViewController.swift */,
				C495FE7624C0412B00AE18CC /* MajerMinerListViewController.swift */,
				C495FE7824C0415800AE18CC /* HarmoMelodicListViewController.swift */,
			);
			path = Controller;
			sourceTree = "<group>";
		};
		C4BF577124B5C55F0043A038 = {
			isa = PBXGroup;
			children = (
				C4BF577C24B5C55F0043A038 /* ChordListApp */,
				C4BF577B24B5C55F0043A038 /* Products */,
			);
			sourceTree = "<group>";
		};
		C4BF577B24B5C55F0043A038 /* Products */ = {
			isa = PBXGroup;
			children = (
				C4BF577A24B5C55F0043A038 /* ChordListApp.app */,
			);
			name = Products;
			sourceTree = "<group>";
		};
		C4BF577C24B5C55F0043A038 /* ChordListApp */ = {
			isa = PBXGroup;
			children = (
				C4751DCB24B5DB30009CFFB3 /* Controller */,
				C4751DCA24B5DB23009CFFB3 /* View */,
				C4751DC924B5DB1E009CFFB3 /* Model */,
				C4BF577D24B5C55F0043A038 /* AppDelegate.swift */,
				C4BF577F24B5C55F0043A038 /* SceneDelegate.swift */,
				C4BF578624B5C5600043A038 /* Assets.xcassets */,
				C4BF578B24B5C5600043A038 /* Info.plist */,
			);
			path = ChordListApp;
			sourceTree = "<group>";
		};
/* End PBXGroup section */

/* Begin PBXNativeTarget section */
		C4BF577924B5C55F0043A038 /* ChordListApp */ = {
			isa = PBXNativeTarget;
			buildConfigurationList = C4BF578E24B5C5600043A038 /* Build configuration list for PBXNativeTarget "ChordListApp" */;
			buildPhases = (
				C4BF577624B5C55F0043A038 /* Sources */,
				C4BF577724B5C55F0043A038 /* Frameworks */,
				C4BF577824B5C55F0043A038 /* Resources */,
			);
			buildRules = (
			);
			dependencies = (
			);
			name = ChordListApp;
			productName = ChordListApp;
			productReference = C4BF577A24B5C55F0043A038 /* ChordListApp.app */;
			productType = "com.apple.product-type.application";
		};
/* End PBXNativeTarget section */

/* Begin PBXProject section */
		C4BF577224B5C55F0043A038 /* Project object */ = {
			isa = PBXProject;
			attributes = {
				LastSwiftUpdateCheck = 1140;
				LastUpgradeCheck = 1140;
				ORGANIZATIONNAME = "takaaki watanabe";
				TargetAttributes = {
					C4BF577924B5C55F0043A038 = {
						CreatedOnToolsVersion = 11.4.1;
					};
				};
			};
			buildConfigurationList = C4BF577524B5C55F0043A038 /* Build configuration list for PBXProject "ChordListApp" */;
			compatibilityVersion = "Xcode 9.3";
			developmentRegion = en;
			hasScannedForEncodings = 0;
			knownRegions = (
				en,
				Base,
			);
			mainGroup = C4BF577124B5C55F0043A038;
			productRefGroup = C4BF577B24B5C55F0043A038 /* Products */;
			projectDirPath = "";
			projectRoot = "";
			targets = (
				C4BF577924B5C55F0043A038 /* ChordListApp */,
			);
		};
/* End PBXProject section */

/* Begin PBXResourcesBuildPhase section */
		C4BF577824B5C55F0043A038 /* Resources */ = {
			isa = PBXResourcesBuildPhase;
			buildActionMask = 2147483647;
			files = (
				C4BF578A24B5C5600043A038 /* LaunchScreen.storyboard in Resources */,
				C4BF578724B5C5600043A038 /* Assets.xcassets in Resources */,
				C4CF166924B96EBE00D0A092 /* TriadTableViewCell.xib in Resources */,
				C44B2C5F24BD91F1006EA3E8 /* HarmonicAndMelodicMinarTableViewCell.xib in Resources */,
				C4BF578524B5C55F0043A038 /* Main.storyboard in Resources */,
			);
			runOnlyForDeploymentPostprocessing = 0;
		};
/* End PBXResourcesBuildPhase section */

/* Begin PBXSourcesBuildPhase section */
		C4BF577624B5C55F0043A038 /* Sources */ = {
			isa = PBXSourcesBuildPhase;
			buildActionMask = 2147483647;
			files = (
				C44B2C6324BDF652006EA3E8 /* SelectStateViewController.swift in Sources */,
				C4BF577E24B5C55F0043A038 /* AppDelegate.swift in Sources */,
				C495FE7524C02E6A00AE18CC /* ScaleSelectViewController.swift in Sources */,
				C44B2C6124BDA4FF006EA3E8 /* HarmonicMiner.swift in Sources */,
				C495FE7B24C0473100AE18CC /* RefactorScale.swift in Sources */,
				C44B2C6524BEEF35006EA3E8 /* KeySelectViewController.swift in Sources */,
				C4D8966224B8484600F5D0AA /* ChordListViewController.swift in Sources */,
				C495FE7924C0415800AE18CC /* HarmoMelodicListViewController.swift in Sources */,
				C44B2C5E24BD91F1006EA3E8 /* HarmonicAndMelodicMinarTableViewCell.swift in Sources */,
				C4CF166824B96EBE00D0A092 /* TriadTableViewCell.swift in Sources */,
				C4CF166B24B99B9700D0A092 /* TriadCode.swift in Sources */,
				C495FE7724C0412B00AE18CC /* MajerMinerListViewController.swift in Sources */,
				C4BF578024B5C55F0043A038 /* SceneDelegate.swift in Sources */,
			);
			runOnlyForDeploymentPostprocessing = 0;
		};
/* End PBXSourcesBuildPhase section */

/* Begin PBXVariantGroup section */
		C4BF578324B5C55F0043A038 /* Main.storyboard */ = {
			isa = PBXVariantGroup;
			children = (
				C4BF578424B5C55F0043A038 /* Base */,
			);
			name = Main.storyboard;
			sourceTree = "<group>";
		};
		C4BF578824B5C5600043A038 /* LaunchScreen.storyboard */ = {
			isa = PBXVariantGroup;
			children = (
				C4BF578924B5C5600043A038 /* Base */,
			);
			name = LaunchScreen.storyboard;
			sourceTree = "<group>";
		};
/* End PBXVariantGroup section */

/* Begin XCBuildConfiguration section */
		C4BF578C24B5C5600043A038 /* Debug */ = {
			isa = XCBuildConfiguration;
			buildSettings = {
				ALWAYS_SEARCH_USER_PATHS = NO;
				CLANG_ANALYZER_NONNULL = YES;
				CLANG_ANALYZER_NUMBER_OBJECT_CONVERSION = YES_AGGRESSIVE;
				CLANG_CXX_LANGUAGE_STANDARD = "gnu++14";
				CLANG_CXX_LIBRARY = "libc++";
				CLANG_ENABLE_MODULES = YES;
				CLANG_ENABLE_OBJC_ARC = YES;
				CLANG_ENABLE_OBJC_WEAK = YES;
				CLANG_WARN_BLOCK_CAPTURE_AUTORELEASING = YES;
				CLANG_WARN_BOOL_CONVERSION = YES;
				CLANG_WARN_COMMA = YES;
				CLANG_WARN_CONSTANT_CONVERSION = YES;
				CLANG_WARN_DEPRECATED_OBJC_IMPLEMENTATIONS = YES;
				CLANG_WARN_DIRECT_OBJC_ISA_USAGE = YES_ERROR;
				CLANG_WARN_DOCUMENTATION_COMMENTS = YES;
				CLANG_WARN_EMPTY_BODY = YES;
				CLANG_WARN_ENUM_CONVERSION = YES;
				CLANG_WARN_INFINITE_RECURSION = YES;
				CLANG_WARN_INT_CONVERSION = YES;
				CLANG_WARN_NON_LITERAL_NULL_CONVERSION = YES;
				CLANG_WARN_OBJC_IMPLICIT_RETAIN_SELF = YES;
				CLANG_WARN_OBJC_LITERAL_CONVERSION = YES;
				CLANG_WARN_OBJC_ROOT_CLASS = YES_ERROR;
				CLANG_WARN_RANGE_LOOP_ANALYSIS = YES;
				CLANG_WARN_STRICT_PROTOTYPES = YES;
				CLANG_WARN_SUSPICIOUS_MOVE = YES;
				CLANG_WARN_UNGUARDED_AVAILABILITY = YES_AGGRESSIVE;
				CLANG_WARN_UNREACHABLE_CODE = YES;
				CLANG_WARN__DUPLICATE_METHOD_MATCH = YES;
				COPY_PHASE_STRIP = NO;
				DEBUG_INFORMATION_FORMAT = dwarf;
				ENABLE_STRICT_OBJC_MSGSEND = YES;
				ENABLE_TESTABILITY = YES;
				GCC_C_LANGUAGE_STANDARD = gnu11;
				GCC_DYNAMIC_NO_PIC = NO;
				GCC_NO_COMMON_BLOCKS = YES;
				GCC_OPTIMIZATION_LEVEL = 0;
				GCC_PREPROCESSOR_DEFINITIONS = (
					"DEBUG=1",
					"$(inherited)",
				);
				GCC_WARN_64_TO_32_BIT_CONVERSION = YES;
				GCC_WARN_ABOUT_RETURN_TYPE = YES_ERROR;
				GCC_WARN_UNDECLARED_SELECTOR = YES;
				GCC_WARN_UNINITIALIZED_AUTOS = YES_AGGRESSIVE;
				GCC_WARN_UNUSED_FUNCTION = YES;
				GCC_WARN_UNUSED_VARIABLE = YES;
				IPHONEOS_DEPLOYMENT_TARGET = 13.4;
				MTL_ENABLE_DEBUG_INFO = INCLUDE_SOURCE;
				MTL_FAST_MATH = YES;
				ONLY_ACTIVE_ARCH = YES;
				SDKROOT = iphoneos;
				SWIFT_ACTIVE_COMPILATION_CONDITIONS = DEBUG;
				SWIFT_OPTIMIZATION_LEVEL = "-Onone";
			};
			name = Debug;
		};
		C4BF578D24B5C5600043A038 /* Release */ = {
			isa = XCBuildConfiguration;
			buildSettings = {
				ALWAYS_SEARCH_USER_PATHS = NO;
				CLANG_ANALYZER_NONNULL = YES;
				CLANG_ANALYZER_NUMBER_OBJECT_CONVERSION = YES_AGGRESSIVE;
				CLANG_CXX_LANGUAGE_STANDARD = "gnu++14";
				CLANG_CXX_LIBRARY = "libc++";
				CLANG_ENABLE_MODULES = YES;
				CLANG_ENABLE_OBJC_ARC = YES;
				CLANG_ENABLE_OBJC_WEAK = YES;
				CLANG_WARN_BLOCK_CAPTURE_AUTORELEASING = YES;
				CLANG_WARN_BOOL_CONVERSION = YES;
				CLANG_WARN_COMMA = YES;
				CLANG_WARN_CONSTANT_CONVERSION = YES;
				CLANG_WARN_DEPRECATED_OBJC_IMPLEMENTATIONS = YES;
				CLANG_WARN_DIRECT_OBJC_ISA_USAGE = YES_ERROR;
				CLANG_WARN_DOCUMENTATION_COMMENTS = YES;
				CLANG_WARN_EMPTY_BODY = YES;
				CLANG_WARN_ENUM_CONVERSION = YES;
				CLANG_WARN_INFINITE_RECURSION = YES;
				CLANG_WARN_INT_CONVERSION = YES;
				CLANG_WARN_NON_LITERAL_NULL_CONVERSION = YES;
				CLANG_WARN_OBJC_IMPLICIT_RETAIN_SELF = YES;
				CLANG_WARN_OBJC_LITERAL_CONVERSION = YES;
				CLANG_WARN_OBJC_ROOT_CLASS = YES_ERROR;
				CLANG_WARN_RANGE_LOOP_ANALYSIS = YES;
				CLANG_WARN_STRICT_PROTOTYPES = YES;
				CLANG_WARN_SUSPICIOUS_MOVE = YES;
				CLANG_WARN_UNGUARDED_AVAILABILITY = YES_AGGRESSIVE;
				CLANG_WARN_UNREACHABLE_CODE = YES;
				CLANG_WARN__DUPLICATE_METHOD_MATCH = YES;
				COPY_PHASE_STRIP = NO;
				DEBUG_INFORMATION_FORMAT = "dwarf-with-dsym";
				ENABLE_NS_ASSERTIONS = NO;
				ENABLE_STRICT_OBJC_MSGSEND = YES;
				GCC_C_LANGUAGE_STANDARD = gnu11;
				GCC_NO_COMMON_BLOCKS = YES;
				GCC_WARN_64_TO_32_BIT_CONVERSION = YES;
				GCC_WARN_ABOUT_RETURN_TYPE = YES_ERROR;
				GCC_WARN_UNDECLARED_SELECTOR = YES;
				GCC_WARN_UNINITIALIZED_AUTOS = YES_AGGRESSIVE;
				GCC_WARN_UNUSED_FUNCTION = YES;
				GCC_WARN_UNUSED_VARIABLE = YES;
				IPHONEOS_DEPLOYMENT_TARGET = 13.4;
				MTL_ENABLE_DEBUG_INFO = NO;
				MTL_FAST_MATH = YES;
				SDKROOT = iphoneos;
				SWIFT_COMPILATION_MODE = wholemodule;
				SWIFT_OPTIMIZATION_LEVEL = "-O";
				VALIDATE_PRODUCT = YES;
			};
			name = Release;
		};
		C4BF578F24B5C5600043A038 /* Debug */ = {
			isa = XCBuildConfiguration;
			buildSettings = {
				ASSETCATALOG_COMPILER_APPICON_NAME = AppIcon;
				CODE_SIGN_STYLE = Automatic;
				DEVELOPMENT_TEAM = M8D7N94594;
				INFOPLIST_FILE = ChordListApp/Info.plist;
				IPHONEOS_DEPLOYMENT_TARGET = 13.0;
				LD_RUNPATH_SEARCH_PATHS = (
					"$(inherited)",
					"@executable_path/Frameworks",
				);
				PRODUCT_BUNDLE_IDENTIFIER = com.gmail.tensyo.dr.ChordListApp;
				PRODUCT_NAME = "$(TARGET_NAME)";
				SWIFT_VERSION = 5.0;
				TARGETED_DEVICE_FAMILY = "1,2";
			};
			name = Debug;
		};
		C4BF579024B5C5600043A038 /* Release */ = {
			isa = XCBuildConfiguration;
			buildSettings = {
				ASSETCATALOG_COMPILER_APPICON_NAME = AppIcon;
				CODE_SIGN_STYLE = Automatic;
				DEVELOPMENT_TEAM = M8D7N94594;
				INFOPLIST_FILE = ChordListApp/Info.plist;
				IPHONEOS_DEPLOYMENT_TARGET = 13.0;
				LD_RUNPATH_SEARCH_PATHS = (
					"$(inherited)",
					"@executable_path/Frameworks",
				);
				PRODUCT_BUNDLE_IDENTIFIER = com.gmail.tensyo.dr.ChordListApp;
				PRODUCT_NAME = "$(TARGET_NAME)";
				SWIFT_VERSION = 5.0;
				TARGETED_DEVICE_FAMILY = "1,2";
			};
			name = Release;
		};
/* End XCBuildConfiguration section */

/* Begin XCConfigurationList section */
		C4BF577524B5C55F0043A038 /* Build configuration list for PBXProject "ChordListApp" */ = {
			isa = XCConfigurationList;
			buildConfigurations = (
				C4BF578C24B5C5600043A038 /* Debug */,
				C4BF578D24B5C5600043A038 /* Release */,
			);
			defaultConfigurationIsVisible = 0;
			defaultConfigurationName = Release;
		};
		C4BF578E24B5C5600043A038 /* Build configuration list for PBXNativeTarget "ChordListApp" */ = {
			isa = XCConfigurationList;
			buildConfigurations = (
				C4BF578F24B5C5600043A038 /* Debug */,
				C4BF579024B5C5600043A038 /* Release */,
			);
			defaultConfigurationIsVisible = 0;
			defaultConfigurationName = Release;
		};
/* End XCConfigurationList section */
	};
	rootObject = C4BF577224B5C55F0043A038 /* Project object */;
}
